
Microsoft Visual Studio Solution File, Format Version 12.00
# Visual Studio Version 16
VisualStudioVersion = 16.0.32802.399
MinimumVisualStudioVersion = 10.0.40219.1
Project("{FAE04EC0-301F-11D3-BF4B-00C04F79EFBC}") = "ORTCine", "ORTCine.csproj", "{44BC76C6-32E5-4C9C-8D23-E5054369CDE8}"
EndProject
Global
	GlobalSection(SolutionConfigurationPlatforms) = preSolution
		Debug|Any CPU = Debug|Any CPU
		Release|Any CPU = Release|Any CPU
	EndGlobalSection
	GlobalSection(ProjectConfigurationPlatforms) = postSolution
		{44BC76C6-32E5-4C9C-8D23-E5054369CDE8}.Debug|Any CPU.ActiveCfg = Debug|Any CPU
		{44BC76C6-32E5-4C9C-8D23-E5054369CDE8}.Debug|Any CPU.Build.0 = Debug|Any CPU
		{44BC76C6-32E5-4C9C-8D23-E5054369CDE8}.Release|Any CPU.ActiveCfg = Release|Any CPU
		{44BC76C6-32E5-4C9C-8D23-E5054369CDE8}.Release|Any CPU.Build.0 = Release|Any CPU
	EndGlobalSection
	GlobalSection(SolutionProperties) = preSolution
		HideSolutionNode = FALSE
	EndGlobalSection
	GlobalSection(ExtensibilityGlobals) = postSolution
		SolutionGuid = {8F04D847-76CC-4D08-977C-9FE0EE6E676C}
	EndGlobalSection
EndGlobal
