
Microsoft Visual Studio Solution File, Format Version 12.00
# Visual Studio Version 17
VisualStudioVersion = 17.3.32825.248
MinimumVisualStudioVersion = 10.0.40219.1
Project("{FAE04EC0-301F-11D3-BF4B-00C04F79EFBC}") = "ORTCine", "ORTCine.csproj", "{C66FF282-CB84-4657-93CC-A99996436211}"
EndProject
Global
	GlobalSection(SolutionConfigurationPlatforms) = preSolution
		Debug|Any CPU = Debug|Any CPU
		Release|Any CPU = Release|Any CPU
	EndGlobalSection
	GlobalSection(ProjectConfigurationPlatforms) = postSolution
		{C66FF282-CB84-4657-93CC-A99996436211}.Debug|Any CPU.ActiveCfg = Debug|Any CPU
		{C66FF282-CB84-4657-93CC-A99996436211}.Debug|Any CPU.Build.0 = Debug|Any CPU
		{C66FF282-CB84-4657-93CC-A99996436211}.Release|Any CPU.ActiveCfg = Release|Any CPU
		{C66FF282-CB84-4657-93CC-A99996436211}.Release|Any CPU.Build.0 = Release|Any CPU
	EndGlobalSection
	GlobalSection(SolutionProperties) = preSolution
		HideSolutionNode = FALSE
	EndGlobalSection
	GlobalSection(ExtensibilityGlobals) = postSolution
		SolutionGuid = {87577B6D-1062-47C9-A815-D040AA771A33}
	EndGlobalSection
EndGlobal
