
Microsoft Visual Studio Solution File, Format Version 12.00
# Visual Studio Version 17
VisualStudioVersion = 17.3.32825.248
MinimumVisualStudioVersion = 10.0.40219.1
Project("{FAE04EC0-301F-11D3-BF4B-00C04F79EFBC}") = "ORTCine", "ORTCine.csproj", "{E203B322-AC00-42FE-A8C5-14F5053ED6B0}"
EndProject
Global
	GlobalSection(SolutionConfigurationPlatforms) = preSolution
		Debug|Any CPU = Debug|Any CPU
		Release|Any CPU = Release|Any CPU
	EndGlobalSection
	GlobalSection(ProjectConfigurationPlatforms) = postSolution
		{E203B322-AC00-42FE-A8C5-14F5053ED6B0}.Debug|Any CPU.ActiveCfg = Debug|Any CPU
		{E203B322-AC00-42FE-A8C5-14F5053ED6B0}.Debug|Any CPU.Build.0 = Debug|Any CPU
		{E203B322-AC00-42FE-A8C5-14F5053ED6B0}.Release|Any CPU.ActiveCfg = Release|Any CPU
		{E203B322-AC00-42FE-A8C5-14F5053ED6B0}.Release|Any CPU.Build.0 = Release|Any CPU
	EndGlobalSection
	GlobalSection(SolutionProperties) = preSolution
		HideSolutionNode = FALSE
	EndGlobalSection
	GlobalSection(ExtensibilityGlobals) = postSolution
		SolutionGuid = {EB279E55-C6E0-4697-A81D-B67BDB9F3A9D}
	EndGlobalSection
EndGlobal
