
Microsoft Visual Studio Solution File, Format Version 12.00
# Visual Studio Version 16
VisualStudioVersion = 16.0.32802.399
MinimumVisualStudioVersion = 10.0.40219.1
Project("{FAE04EC0-301F-11D3-BF4B-00C04F79EFBC}") = "ProyectoCine", "ProyectoCine.csproj", "{6A39A400-1B2D-46E2-95AD-5AEC7AC336EE}"
EndProject
Global
	GlobalSection(SolutionConfigurationPlatforms) = preSolution
		Debug|Any CPU = Debug|Any CPU
		Release|Any CPU = Release|Any CPU
	EndGlobalSection
	GlobalSection(ProjectConfigurationPlatforms) = postSolution
		{6A39A400-1B2D-46E2-95AD-5AEC7AC336EE}.Debug|Any CPU.ActiveCfg = Debug|Any CPU
		{6A39A400-1B2D-46E2-95AD-5AEC7AC336EE}.Debug|Any CPU.Build.0 = Debug|Any CPU
		{6A39A400-1B2D-46E2-95AD-5AEC7AC336EE}.Release|Any CPU.ActiveCfg = Release|Any CPU
		{6A39A400-1B2D-46E2-95AD-5AEC7AC336EE}.Release|Any CPU.Build.0 = Release|Any CPU
	EndGlobalSection
	GlobalSection(SolutionProperties) = preSolution
		HideSolutionNode = FALSE
	EndGlobalSection
	GlobalSection(ExtensibilityGlobals) = postSolution
		SolutionGuid = {3ED36200-1546-4FAD-9981-CCB206A414F7}
	EndGlobalSection
EndGlobal
